// !$*UTF8*$!
{
	archiveVersion = 1;
	classes = {
	};
	objectVersion = 46;
	objects = {

/* Begin PBXBuildFile section */
		F6FC0FDD1DC8F045008C7294 /* main.c in Sources */ = {isa = PBXBuildFile; fileRef = F6FC0FDC1DC8F045008C7294 /* main.c */; };
		F6FC0FE51DC9B3EF008C7294 /* coroutine.c in Sources */ = {isa = PBXBuildFile; fileRef = F6FC0FE41DC9B3EF008C7294 /* coroutine.c */; };
/* End PBXBuildFile section */

/* Begin PBXCopyFilesBuildPhase section */
		F6FC0FD71DC8F045008C7294 /* CopyFiles */ = {
			isa = PBXCopyFilesBuildPhase;
			buildActionMask = 2147483647;
			dstPath = /usr/share/man/man1/;
			dstSubfolderSpec = 0;
			files = (
			);
			runOnlyForDeploymentPostprocessing = 1;
		};
/* End PBXCopyFilesBuildPhase section */

/* Begin PBXFileReference section */
		F6FC0FD91DC8F045008C7294 /* CoroutineTest */ = {isa = PBXFileReference; explicitFileType = "compiled.mach-o.executable"; includeInIndex = 0; path = CoroutineTest; sourceTree = BUILT_PRODUCTS_DIR; };
		F6FC0FDC1DC8F045008C7294 /* main.c */ = {isa = PBXFileReference; lastKnownFileType = sourcecode.c.c; path = main.c; sourceTree = "<group>"; };
		F6FC0FE31DC9B3DE008C7294 /* coroutine.h */ = {isa = PBXFileReference; lastKnownFileType = sourcecode.c.h; path = coroutine.h; sourceTree = "<group>"; };
		F6FC0FE41DC9B3EF008C7294 /* coroutine.c */ = {isa = PBXFileReference; fileEncoding = 4; lastKnownFileType = sourcecode.c.c; path = coroutine.c; sourceTree = "<group>"; };
/* End PBXFileReference section */

/* Begin PBXFrameworksBuildPhase section */
		F6FC0FD61DC8F045008C7294 /* Frameworks */ = {
			isa = PBXFrameworksBuildPhase;
			buildActionMask = 2147483647;
			files = (
			);
			runOnlyForDeploymentPostprocessing = 0;
		};
/* End PBXFrameworksBuildPhase section */

/* Begin PBXGroup section */
		F6FC0FD01DC8F045008C7294 = {
			isa = PBXGroup;
			children = (
				F6FC0FDB1DC8F045008C7294 /* CoroutineTest */,
				F6FC0FDA1DC8F045008C7294 /* Products */,
			);
			sourceTree = "<group>";
		};
		F6FC0FDA1DC8F045008C7294 /* Products */ = {
			isa = PBXGroup;
			children = (
				F6FC0FD91DC8F045008C7294 /* CoroutineTest */,
			);
			name = Products;
			sourceTree = "<group>";
		};
		F6FC0FDB1DC8F045008C7294 /* CoroutineTest */ = {
			isa = PBXGroup;
			children = (
				F6FC0FDC1DC8F045008C7294 /* main.c */,
				F6FC0FE31DC9B3DE008C7294 /* coroutine.h */,
				F6FC0FE41DC9B3EF008C7294 /* coroutine.c */,
			);
			path = CoroutineTest;
			sourceTree = "<group>";
		};
/* End PBXGroup section */

/* Begin PBXNativeTarget section */
		F6FC0FD81DC8F045008C7294 /* CoroutineTest */ = {
			isa = PBXNativeTarget;
			buildConfigurationList = F6FC0FE01DC8F045008C7294 /* Build configuration list for PBXNativeTarget "CoroutineTest" */;
			buildPhases = (
				F6FC0FD51DC8F045008C7294 /* Sources */,
				F6FC0FD61DC8F045008C7294 /* Frameworks */,
				F6FC0FD71DC8F045008C7294 /* CopyFiles */,
			);
			buildRules = (
			);
			dependencies = (
			);
			name = CoroutineTest;
			productName = CoroutineTest;
			productReference = F6FC0FD91DC8F045008C7294 /* CoroutineTest */;
			productType = "com.apple.product-type.tool";
		};
/* End PBXNativeTarget section */

/* Begin PBXProject section */
		F6FC0FD11DC8F045008C7294 /* Project object */ = {
			isa = PBXProject;
			attributes = {
				LastUpgradeCheck = 0810;
				ORGANIZATIONNAME = "Thomas Chen";
				TargetAttributes = {
					F6FC0FD81DC8F045008C7294 = {
						CreatedOnToolsVersion = 8.1;
						DevelopmentTeam = 4VN27XXP2J;
						ProvisioningStyle = Automatic;
					};
				};
			};
			buildConfigurationList = F6FC0FD41DC8F045008C7294 /* Build configuration list for PBXProject "CoroutineTest" */;
			compatibilityVersion = "Xcode 3.2";
			developmentRegion = English;
			hasScannedForEncodings = 0;
			knownRegions = (
				en,
			);
			mainGroup = F6FC0FD01DC8F045008C7294;
			productRefGroup = F6FC0FDA1DC8F045008C7294 /* Products */;
			projectDirPath = "";
			projectRoot = "";
			targets = (
				F6FC0FD81DC8F045008C7294 /* CoroutineTest */,
			);
		};
/* End PBXProject section */

/* Begin PBXSourcesBuildPhase section */
		F6FC0FD51DC8F045008C7294 /* Sources */ = {
			isa = PBXSourcesBuildPhase;
			buildActionMask = 2147483647;
			files = (
				F6FC0FE51DC9B3EF008C7294 /* coroutine.c in Sources */,
				F6FC0FDD1DC8F045008C7294 /* main.c in Sources */,
			);
			runOnlyForDeploymentPostprocessing = 0;
		};
/* End PBXSourcesBuildPhase section */

/* Begin XCBuildConfiguration section */
		F6FC0FDE1DC8F045008C7294 /* Debug */ = {
			isa = XCBuildConfiguration;
			buildSettings = {
				ALWAYS_SEARCH_USER_PATHS = NO;
				CLANG_ANALYZER_NONNULL = YES;
				CLANG_CXX_LANGUAGE_STANDARD = "gnu++0x";
				CLANG_CXX_LIBRARY = "libc++";
				CLANG_ENABLE_MODULES = YES;
				CLANG_ENABLE_OBJC_ARC = YES;
				CLANG_WARN_BOOL_CONVERSION = YES;
				CLANG_WARN_CONSTANT_CONVERSION = YES;
				CLANG_WARN_DIRECT_OBJC_ISA_USAGE = YES_ERROR;
				CLANG_WARN_DOCUMENTATION_COMMENTS = YES;
				CLANG_WARN_EMPTY_BODY = YES;
				CLANG_WARN_ENUM_CONVERSION = YES;
				CLANG_WARN_INFINITE_RECURSION = YES;
				CLANG_WARN_INT_CONVERSION = YES;
				CLANG_WARN_OBJC_ROOT_CLASS = YES_ERROR;
				CLANG_WARN_SUSPICIOUS_MOVES = YES;
				CLANG_WARN_UNREACHABLE_CODE = YES;
				CLANG_WARN__DUPLICATE_METHOD_MATCH = YES;
				CODE_SIGN_IDENTITY = "-";
				COPY_PHASE_STRIP = NO;
				DEBUG_INFORMATION_FORMAT = dwarf;
				ENABLE_STRICT_OBJC_MSGSEND = YES;
				ENABLE_TESTABILITY = YES;
				GCC_C_LANGUAGE_STANDARD = gnu99;
				GCC_DYNAMIC_NO_PIC = NO;
				GCC_NO_COMMON_BLOCKS = YES;
				GCC_OPTIMIZATION_LEVEL = 0;
				GCC_PREPROCESSOR_DEFINITIONS = (
					"DEBUG=1",
					"$(inherited)",
				);
				GCC_WARN_64_TO_32_BIT_CONVERSION = YES;
				GCC_WARN_ABOUT_RETURN_TYPE = YES_ERROR;
				GCC_WARN_UNDECLARED_SELECTOR = YES;
				GCC_WARN_UNINITIALIZED_AUTOS = YES_AGGRESSIVE;
				GCC_WARN_UNUSED_FUNCTION = YES;
				GCC_WARN_UNUSED_VARIABLE = YES;
				MACOSX_DEPLOYMENT_TARGET = 10.12;
				MTL_ENABLE_DEBUG_INFO = YES;
				ONLY_ACTIVE_ARCH = YES;
				SDKROOT = macosx;
			};
			name = Debug;
		};
		F6FC0FDF1DC8F045008C7294 /* Release */ = {
			isa = XCBuildConfiguration;
			buildSettings = {
				ALWAYS_SEARCH_USER_PATHS = NO;
				CLANG_ANALYZER_NONNULL = YES;
				CLANG_CXX_LANGUAGE_STANDARD = "gnu++0x";
				CLANG_CXX_LIBRARY = "libc++";
				CLANG_ENABLE_MODULES = YES;
				CLANG_ENABLE_OBJC_ARC = YES;
				CLANG_WARN_BOOL_CONVERSION = YES;
				CLANG_WARN_CONSTANT_CONVERSION = YES;
				CLANG_WARN_DIRECT_OBJC_ISA_USAGE = YES_ERROR;
				CLANG_WARN_DOCUMENTATION_COMMENTS = YES;
				CLANG_WARN_EMPTY_BODY = YES;
				CLANG_WARN_ENUM_CONVERSION = YES;
				CLANG_WARN_INFINITE_RECURSION = YES;
				CLANG_WARN_INT_CONVERSION = YES;
				CLANG_WARN_OBJC_ROOT_CLASS = YES_ERROR;
				CLANG_WARN_SUSPICIOUS_MOVES = YES;
				CLANG_WARN_UNREACHABLE_CODE = YES;
				CLANG_WARN__DUPLICATE_METHOD_MATCH = YES;
				CODE_SIGN_IDENTITY = "-";
				COPY_PHASE_STRIP = NO;
				DEBUG_INFORMATION_FORMAT = "dwarf-with-dsym";
				ENABLE_NS_ASSERTIONS = NO;
				ENABLE_STRICT_OBJC_MSGSEND = YES;
				GCC_C_LANGUAGE_STANDARD = gnu99;
				GCC_NO_COMMON_BLOCKS = YES;
				GCC_WARN_64_TO_32_BIT_CONVERSION = YES;
				GCC_WARN_ABOUT_RETURN_TYPE = YES_ERROR;
				GCC_WARN_UNDECLARED_SELECTOR = YES;
				GCC_WARN_UNINITIALIZED_AUTOS = YES_AGGRESSIVE;
				GCC_WARN_UNUSED_FUNCTION = YES;
				GCC_WARN_UNUSED_VARIABLE = YES;
				MACOSX_DEPLOYMENT_TARGET = 10.12;
				MTL_ENABLE_DEBUG_INFO = NO;
				SDKROOT = macosx;
			};
			name = Release;
		};
		F6FC0FE11DC8F045008C7294 /* Debug */ = {
			isa = XCBuildConfiguration;
			buildSettings = {
				ARCHS = "$(ARCHS_STANDARD_32_BIT)";
				DEVELOPMENT_TEAM = 4VN27XXP2J;
				PRODUCT_NAME = "$(TARGET_NAME)";
				VALID_ARCHS = i386;
			};
			name = Debug;
		};
		F6FC0FE21DC8F045008C7294 /* Release */ = {
			isa = XCBuildConfiguration;
			buildSettings = {
				ARCHS = "$(ARCHS_STANDARD_32_BIT)";
				DEVELOPMENT_TEAM = 4VN27XXP2J;
				PRODUCT_NAME = "$(TARGET_NAME)";
				VALID_ARCHS = i386;
			};
			name = Release;
		};
/* End XCBuildConfiguration section */

/* Begin XCConfigurationList section */
		F6FC0FD41DC8F045008C7294 /* Build configuration list for PBXProject "CoroutineTest" */ = {
			isa = XCConfigurationList;
			buildConfigurations = (
				F6FC0FDE1DC8F045008C7294 /* Debug */,
				F6FC0FDF1DC8F045008C7294 /* Release */,
			);
			defaultConfigurationIsVisible = 0;
			defaultConfigurationName = Release;
		};
		F6FC0FE01DC8F045008C7294 /* Build configuration list for PBXNativeTarget "CoroutineTest" */ = {
			isa = XCConfigurationList;
			buildConfigurations = (
				F6FC0FE11DC8F045008C7294 /* Debug */,
				F6FC0FE21DC8F045008C7294 /* Release */,
			);
			defaultConfigurationIsVisible = 0;
			defaultConfigurationName = Release;
		};
/* End XCConfigurationList section */
	};
	rootObject = F6FC0FD11DC8F045008C7294 /* Project object */;
}
